
Microsoft Visual Studio Solution File, Format Version 12.00
# Visual Studio Version 17
VisualStudioVersion = 17.8.34511.84
MinimumVisualStudioVersion = 10.0.40219.1
Project("{FAE04EC0-301F-11D3-BF4B-00C04F79EFBC}") = "Url Shortener", "Url Shortener.csproj", "{58812B78-26C1-42D7-A682-631D402E571D}"
EndProject
Global
	GlobalSection(SolutionConfigurationPlatforms) = preSolution
		Debug|Any CPU = Debug|Any CPU
		Release|Any CPU = Release|Any CPU
	EndGlobalSection
	GlobalSection(ProjectConfigurationPlatforms) = postSolution
		{58812B78-26C1-42D7-A682-631D402E571D}.Debug|Any CPU.ActiveCfg = Debug|Any CPU
		{58812B78-26C1-42D7-A682-631D402E571D}.Debug|Any CPU.Build.0 = Debug|Any CPU
		{58812B78-26C1-42D7-A682-631D402E571D}.Release|Any CPU.ActiveCfg = Release|Any CPU
		{58812B78-26C1-42D7-A682-631D402E571D}.Release|Any CPU.Build.0 = Release|Any CPU
	EndGlobalSection
	GlobalSection(SolutionProperties) = preSolution
		HideSolutionNode = FALSE
	EndGlobalSection
	GlobalSection(ExtensibilityGlobals) = postSolution
		SolutionGuid = {DD67C4E8-4062-49E7-BA48-E83FB561D99E}
	EndGlobalSection
EndGlobal
