
Microsoft Visual Studio Solution File, Format Version 12.00
# Visual Studio Version 17
VisualStudioVersion = 17.8.34511.84
MinimumVisualStudioVersion = 10.0.40219.1
Project("{2150E333-8FDC-42A3-9474-1A3956D46DE8}") = "Api", "Api", "{76DD8F94-64FF-4305-A177-70BFE3558A70}"
EndProject
Project("{2150E333-8FDC-42A3-9474-1A3956D46DE8}") = "Web", "Web", "{9D969CA9-9B67-415C-AEF1-7FD5DAA69BB2}"
EndProject
Project("{9A19103F-16F7-4668-BE54-9A1E7A4F7556}") = "Url Shortener Client", "Web\Url Shortener Client\Url Shortener Client.csproj", "{0D93EFC1-DA9B-475F-AAD8-3DEE76FD829B}"
EndProject
Project("{9A19103F-16F7-4668-BE54-9A1E7A4F7556}") = "Url Shortener", "Api\Url Shortener.csproj", "{C3C3AB20-D930-48AD-B5D3-F39D0CA41C64}"
EndProject
Project("{2150E333-8FDC-42A3-9474-1A3956D46DE8}") = "_docker", "_docker", "{38283C12-0BFD-432D-B747-4779A09BF5FE}"
	ProjectSection(SolutionItems) = preProject
		docker-compose.override.yml = docker-compose.override.yml
		docker-compose.yml = docker-compose.yml
		env.api = env.api
	EndProjectSection
EndProject
Global
	GlobalSection(SolutionConfigurationPlatforms) = preSolution
		Debug|Any CPU = Debug|Any CPU
		Release|Any CPU = Release|Any CPU
	EndGlobalSection
	GlobalSection(ProjectConfigurationPlatforms) = postSolution
		{0D93EFC1-DA9B-475F-AAD8-3DEE76FD829B}.Debug|Any CPU.ActiveCfg = Debug|Any CPU
		{0D93EFC1-DA9B-475F-AAD8-3DEE76FD829B}.Debug|Any CPU.Build.0 = Debug|Any CPU
		{0D93EFC1-DA9B-475F-AAD8-3DEE76FD829B}.Release|Any CPU.ActiveCfg = Release|Any CPU
		{0D93EFC1-DA9B-475F-AAD8-3DEE76FD829B}.Release|Any CPU.Build.0 = Release|Any CPU
		{C3C3AB20-D930-48AD-B5D3-F39D0CA41C64}.Debug|Any CPU.ActiveCfg = Debug|Any CPU
		{C3C3AB20-D930-48AD-B5D3-F39D0CA41C64}.Debug|Any CPU.Build.0 = Debug|Any CPU
		{C3C3AB20-D930-48AD-B5D3-F39D0CA41C64}.Release|Any CPU.ActiveCfg = Release|Any CPU
		{C3C3AB20-D930-48AD-B5D3-F39D0CA41C64}.Release|Any CPU.Build.0 = Release|Any CPU
	EndGlobalSection
	GlobalSection(SolutionProperties) = preSolution
		HideSolutionNode = FALSE
	EndGlobalSection
	GlobalSection(NestedProjects) = preSolution
		{0D93EFC1-DA9B-475F-AAD8-3DEE76FD829B} = {9D969CA9-9B67-415C-AEF1-7FD5DAA69BB2}
		{C3C3AB20-D930-48AD-B5D3-F39D0CA41C64} = {76DD8F94-64FF-4305-A177-70BFE3558A70}
	EndGlobalSection
	GlobalSection(ExtensibilityGlobals) = postSolution
		SolutionGuid = {DD67C4E8-4062-49E7-BA48-E83FB561D99E}
	EndGlobalSection
EndGlobal
